
Microsoft Visual Studio Solution File, Format Version 12.00
# Visual Studio Version 17
VisualStudioVersion = 17.1.32421.90
MinimumVisualStudioVersion = 10.0.40219.1
Project("{FAE04EC0-301F-11D3-BF4B-00C04F79EFBC}") = "SendEmail", "SendEmail\SendEmail.csproj", "{EAA6A1AA-78FC-4CAB-B403-4C4075FE6E3C}"
EndProject
Global
	GlobalSection(SolutionConfigurationPlatforms) = preSolution
		Debug|Any CPU = Debug|Any CPU
		Release|Any CPU = Release|Any CPU
	EndGlobalSection
	GlobalSection(ProjectConfigurationPlatforms) = postSolution
		{EAA6A1AA-78FC-4CAB-B403-4C4075FE6E3C}.Debug|Any CPU.ActiveCfg = Debug|Any CPU
		{EAA6A1AA-78FC-4CAB-B403-4C4075FE6E3C}.Debug|Any CPU.Build.0 = Debug|Any CPU
		{EAA6A1AA-78FC-4CAB-B403-4C4075FE6E3C}.Release|Any CPU.ActiveCfg = Release|Any CPU
		{EAA6A1AA-78FC-4CAB-B403-4C4075FE6E3C}.Release|Any CPU.Build.0 = Release|Any CPU
	EndGlobalSection
	GlobalSection(SolutionProperties) = preSolution
		HideSolutionNode = FALSE
	EndGlobalSection
	GlobalSection(ExtensibilityGlobals) = postSolution
		SolutionGuid = {CA1BBD35-C2E8-489B-993F-4D9CA499E8D9}
	EndGlobalSection
EndGlobal
